
Microsoft Visual Studio Solution File, Format Version 12.00
# Visual Studio 2012
Project("{FAE04EC0-301F-11D3-BF4B-00C04F79EFBC}") = "VideoAppMonitor", "VideoAppMonitor\VideoAppMonitor.csproj", "{2768EAD5-33E0-4ABE-9C0C-7F776051EBDF}"
EndProject
Global
	GlobalSection(SolutionConfigurationPlatforms) = preSolution
		Debug|Any CPU = Debug|Any CPU
		Release|Any CPU = Release|Any CPU
	EndGlobalSection
	GlobalSection(ProjectConfigurationPlatforms) = postSolution
		{2768EAD5-33E0-4ABE-9C0C-7F776051EBDF}.Debug|Any CPU.ActiveCfg = Debug|Any CPU
		{2768EAD5-33E0-4ABE-9C0C-7F776051EBDF}.Debug|Any CPU.Build.0 = Debug|Any CPU
		{2768EAD5-33E0-4ABE-9C0C-7F776051EBDF}.Release|Any CPU.ActiveCfg = Release|Any CPU
		{2768EAD5-33E0-4ABE-9C0C-7F776051EBDF}.Release|Any CPU.Build.0 = Release|Any CPU
	EndGlobalSection
	GlobalSection(SolutionProperties) = preSolution
		HideSolutionNode = FALSE
	EndGlobalSection
EndGlobal
